
Microsoft Visual Studio Solution File, Format Version 12.00
# Visual Studio Version 17
VisualStudioVersion = 17.5.33627.172
MinimumVisualStudioVersion = 10.0.40219.1
Project("{2150E333-8FDC-42A3-9474-1A3956D46DE8}") = "src", "src", "{873928ED-73EE-4B43-BFAF-5360F3C17D07}"
EndProject
Project("{9A19103F-16F7-4668-BE54-9A1E7A4F7556}") = "ConsoleAppNet6", "src\ConsoleAppNet6\ConsoleAppNet6.csproj", "{A5097FB9-A96B-4E79-8D0E-6472471B8FEA}"
EndProject
Project("{9A19103F-16F7-4668-BE54-9A1E7A4F7556}") = "ConsoleAppNet7", "src\ConsoleAppNet7\ConsoleAppNet7.csproj", "{B899B0E7-3F41-4CDA-9AC3-23E8AE24F2E3}"
EndProject
Project("{9A19103F-16F7-4668-BE54-9A1E7A4F7556}") = "ConsoleAppNet5", "src\ConsoleAppNet5\ConsoleAppNet5.csproj", "{2CD699CB-62A8-48F7-9B62-D59A85EA0B9B}"
EndProject
Project("{FAE04EC0-301F-11D3-BF4B-00C04F79EFBC}") = "VulnerableConsoleApp6", "src\VulnerableConsoleApp6\VulnerableConsoleApp6.csproj", "{DEB32FF8-2CDF-47F7-8CA1-42FF9698D245}"
EndProject
Global
	GlobalSection(SolutionConfigurationPlatforms) = preSolution
		Debug|Any CPU = Debug|Any CPU
		Release|Any CPU = Release|Any CPU
	EndGlobalSection
	GlobalSection(ProjectConfigurationPlatforms) = postSolution
		{A5097FB9-A96B-4E79-8D0E-6472471B8FEA}.Debug|Any CPU.ActiveCfg = Debug|Any CPU
		{A5097FB9-A96B-4E79-8D0E-6472471B8FEA}.Debug|Any CPU.Build.0 = Debug|Any CPU
		{A5097FB9-A96B-4E79-8D0E-6472471B8FEA}.Release|Any CPU.ActiveCfg = Release|Any CPU
		{A5097FB9-A96B-4E79-8D0E-6472471B8FEA}.Release|Any CPU.Build.0 = Release|Any CPU
		{B899B0E7-3F41-4CDA-9AC3-23E8AE24F2E3}.Debug|Any CPU.ActiveCfg = Debug|Any CPU
		{B899B0E7-3F41-4CDA-9AC3-23E8AE24F2E3}.Debug|Any CPU.Build.0 = Debug|Any CPU
		{B899B0E7-3F41-4CDA-9AC3-23E8AE24F2E3}.Release|Any CPU.ActiveCfg = Release|Any CPU
		{B899B0E7-3F41-4CDA-9AC3-23E8AE24F2E3}.Release|Any CPU.Build.0 = Release|Any CPU
		{2CD699CB-62A8-48F7-9B62-D59A85EA0B9B}.Debug|Any CPU.ActiveCfg = Debug|Any CPU
		{2CD699CB-62A8-48F7-9B62-D59A85EA0B9B}.Debug|Any CPU.Build.0 = Debug|Any CPU
		{2CD699CB-62A8-48F7-9B62-D59A85EA0B9B}.Release|Any CPU.ActiveCfg = Release|Any CPU
		{2CD699CB-62A8-48F7-9B62-D59A85EA0B9B}.Release|Any CPU.Build.0 = Release|Any CPU
		{DEB32FF8-2CDF-47F7-8CA1-42FF9698D245}.Debug|Any CPU.ActiveCfg = Debug|Any CPU
		{DEB32FF8-2CDF-47F7-8CA1-42FF9698D245}.Debug|Any CPU.Build.0 = Debug|Any CPU
		{DEB32FF8-2CDF-47F7-8CA1-42FF9698D245}.Release|Any CPU.ActiveCfg = Release|Any CPU
		{DEB32FF8-2CDF-47F7-8CA1-42FF9698D245}.Release|Any CPU.Build.0 = Release|Any CPU
	EndGlobalSection
	GlobalSection(SolutionProperties) = preSolution
		HideSolutionNode = FALSE
	EndGlobalSection
	GlobalSection(NestedProjects) = preSolution
		{A5097FB9-A96B-4E79-8D0E-6472471B8FEA} = {873928ED-73EE-4B43-BFAF-5360F3C17D07}
		{B899B0E7-3F41-4CDA-9AC3-23E8AE24F2E3} = {873928ED-73EE-4B43-BFAF-5360F3C17D07}
		{2CD699CB-62A8-48F7-9B62-D59A85EA0B9B} = {873928ED-73EE-4B43-BFAF-5360F3C17D07}
		{DEB32FF8-2CDF-47F7-8CA1-42FF9698D245} = {873928ED-73EE-4B43-BFAF-5360F3C17D07}
	EndGlobalSection
	GlobalSection(ExtensibilityGlobals) = postSolution
		SolutionGuid = {B5CEC753-DC84-40DC-A89B-963BE8030D90}
	EndGlobalSection
EndGlobal
